# This file is generated by running "yarn install" inside your project.
# Manual changes might be lost - proceed with caution!

__metadata:
  version: 6
  cacheKey: 8

"@commitlint/config-conventional@npm:^17.4.2":
  version: 17.7.0
  resolution: "@commitlint/config-conventional@npm:17.7.0"
  dependencies:
    conventional-changelog-conventionalcommits: ^6.1.0
  checksum: 932cf35c12855e360c750bc19ffedc0925f8658f316aaacdf5441ce775712934386643a9ac418f18e24e5bb1bf71ed721b8ae452a13d04908b0e55cd3d2d988f
  languageName: node
  linkType: hard

"array-ify@npm:^1.0.0":
  version: 1.0.0
  resolution: "array-ify@npm:1.0.0"
  checksum: c0502015b319c93dd4484f18036bcc4b654eb76a4aa1f04afbcef11ac918859bb1f5d71ba1f0f1141770db9eef1a4f40f1761753650873068010bbf7bcdae4a4
  languageName: node
  linkType: hard

"compare-func@npm:^2.0.0":
  version: 2.0.0
  resolution: "compare-func@npm:2.0.0"
  dependencies:
    array-ify: ^1.0.0
    dot-prop: ^5.1.0
  checksum: fb71d70632baa1e93283cf9d80f30ac97f003aabee026e0b4426c9716678079ef5fea7519b84d012cbed938c476493866a38a79760564a9e21ae9433e40e6f0d
  languageName: node
  linkType: hard

"conventional-changelog-conventionalcommits@npm:^6.1.0":
  version: 6.1.0
  resolution: "conventional-changelog-conventionalcommits@npm:6.1.0"
  dependencies:
    compare-func: ^2.0.0
  checksum: 4383a35cdf72f5964e194a1146e7f78276e301f73bd993b71627bb93586b6470d411b9613507ceb37e0fed0b023199c95e941541fa47172b4e6a7916fc3a53ff
  languageName: node
  linkType: hard

"dot-prop@npm:^5.1.0":
  version: 5.3.0
  resolution: "dot-prop@npm:5.3.0"
  dependencies:
    is-obj: ^2.0.0
  checksum: d5775790093c234ef4bfd5fbe40884ff7e6c87573e5339432870616331189f7f5d86575c5b5af2dcf0f61172990f4f734d07844b1f23482fff09e3c4bead05ea
  languageName: node
  linkType: hard

"is-obj@npm:^2.0.0":
  version: 2.0.0
  resolution: "is-obj@npm:2.0.0"
  checksum: c9916ac8f4621962a42f5e80e7ffdb1d79a3fab7456ceaeea394cd9e0858d04f985a9ace45be44433bf605673c8be8810540fe4cc7f4266fc7526ced95af5a08
  languageName: node
  linkType: hard

"root-workspace-0b6124@workspace:.":
  version: 0.0.0-use.local
  resolution: "root-workspace-0b6124@workspace:."
  dependencies:
    "@commitlint/config-conventional": ^17.4.2
  languageName: unknown
  linkType: soft
